
Microsoft Visual Studio Solution File, Format Version 12.00
# Visual Studio Version 16
VisualStudioVersion = 16.0.30204.135
MinimumVisualStudioVersion = 10.0.40219.1
Project("{8BC9CEB8-8B4A-11D0-8D11-00A0C91BC942}") = "Sandbox", "Sandbox\Sandbox.vcxproj", "{7C9A239E-9038-489F-845C-285B4B64E30F}"
EndProject
Project("{8BC9CEB8-8B4A-11D0-8D11-00A0C91BC942}") = "Littlewood-Engine", "Littlewood-Engine\Littlewood-Engine.vcxproj", "{1040638B-644F-40A9-B466-4160BAD6E938}"
EndProject
Global
	GlobalSection(SolutionConfigurationPlatforms) = preSolution
		Debug|x64 = Debug|x64
		Release|x64 = Release|x64
	EndGlobalSection
	GlobalSection(ProjectConfigurationPlatforms) = postSolution
		{1040638B-644F-40A9-B466-4160BAD6E938}.Debug|x64.ActiveCfg = Debug|x64
		{1040638B-644F-40A9-B466-4160BAD6E938}.Debug|x64.Build.0 = Debug|x64
		{1040638B-644F-40A9-B466-4160BAD6E938}.Release|x64.ActiveCfg = Release|x64
		{1040638B-644F-40A9-B466-4160BAD6E938}.Release|x64.Build.0 = Release|x64
		{7C9A239E-9038-489F-845C-285B4B64E30F}.Debug|x64.ActiveCfg = Debug|x64
		{7C9A239E-9038-489F-845C-285B4B64E30F}.Debug|x64.Build.0 = Debug|x64
		{7C9A239E-9038-489F-845C-285B4B64E30F}.Release|x64.ActiveCfg = Release|x64
		{7C9A239E-9038-489F-845C-285B4B64E30F}.Release|x64.Build.0 = Release|x64
	EndGlobalSection
	GlobalSection(SolutionProperties) = preSolution
		HideSolutionNode = FALSE
	EndGlobalSection
	GlobalSection(ExtensibilityGlobals) = postSolution
		SolutionGuid = {74A3F014-6565-40DC-94FB-634E4C2E228C}
	EndGlobalSection
EndGlobal
