<?xml version="1.0" encoding="utf-8"?>
<Project ToolsVersion="4.0" xmlns="http://schemas.microsoft.com/developer/msbuild/2003">
  <ItemGroup>
    <Filter Include="LittleWooden">
      <UniqueIdentifier>{FF969D0E-EBF9-2CB3-947F-656980C1F835}</UniqueIdentifier>
    </Filter>
  </ItemGroup>
  <ItemGroup>
    <ClInclude Include="src\LittleWooden.h" />
    <ClInclude Include="src\LittleWooden\Application.h">
      <Filter>LittleWooden</Filter>
    </ClInclude>
    <ClInclude Include="src\LittleWooden\Core.h">
      <Filter>LittleWooden</Filter>
    </ClInclude>
    <ClInclude Include="src\LittleWooden\EntryPoint.h">
      <Filter>LittleWooden</Filter>
    </ClInclude>
    <ClInclude Include="src\LittleWooden\Log.h">
      <Filter>LittleWooden</Filter>
    </ClInclude>
  </ItemGroup>
  <ItemGroup>
    <ClCompile Include="src\LittleWooden\Application.cpp">
      <Filter>LittleWooden</Filter>
    </ClCompile>
    <ClCompile Include="src\LittleWooden\Log.cpp">
      <Filter>LittleWooden</Filter>
    </ClCompile>
  </ItemGroup>
</Project>