<?xml version="1.0" encoding="utf-8"?>
<Project ToolsVersion="4.0" xmlns="http://schemas.microsoft.com/developer/msbuild/2003">
  <ItemGroup>
    <Filter Include="LittleWooden">
      <UniqueIdentifier>{FF969D0E-EBF9-2CB3-947F-656980C1F835}</UniqueIdentifier>
    </Filter>
    <Filter Include="LittleWooden\Events">
      <UniqueIdentifier>{038EC18F-6FEF-9E9D-F85C-E54F64BDD55C}</UniqueIdentifier>
    </Filter>
    <Filter Include="Platform">
      <UniqueIdentifier>{2AC788B4-1694-E3BF-3FAD-D1672BD9184E}</UniqueIdentifier>
    </Filter>
    <Filter Include="Platform\Windows">
      <UniqueIdentifier>{64FBD71A-50F4-F66C-7926-DCF1657ED678}</UniqueIdentifier>
    </Filter>
  </ItemGroup>
  <ItemGroup>
    <ClInclude Include="src\LittleWooden.hpp" />
    <ClInclude Include="src\LittleWooden\Application.hpp">
      <Filter>LittleWooden</Filter>
    </ClInclude>
    <ClInclude Include="src\LittleWooden\Core.hpp">
      <Filter>LittleWooden</Filter>
    </ClInclude>
    <ClInclude Include="src\LittleWooden\EntryPoint.hpp">
      <Filter>LittleWooden</Filter>
    </ClInclude>
    <ClInclude Include="src\LittleWooden\Events\ApplicationEvent.hpp">
      <Filter>LittleWooden\Events</Filter>
    </ClInclude>
    <ClInclude Include="src\LittleWooden\Events\Event.hpp">
      <Filter>LittleWooden\Events</Filter>
    </ClInclude>
    <ClInclude Include="src\LittleWooden\Events\KeyEvent.hpp">
      <Filter>LittleWooden\Events</Filter>
    </ClInclude>
    <ClInclude Include="src\LittleWooden\Events\MouseEvent.hpp">
      <Filter>LittleWooden\Events</Filter>
    </ClInclude>
    <ClInclude Include="src\LittleWooden\Log.hpp">
      <Filter>LittleWooden</Filter>
    </ClInclude>
    <ClInclude Include="src\LittleWooden\Window.hpp">
      <Filter>LittleWooden</Filter>
    </ClInclude>
    <ClInclude Include="src\Platform\Windows\WindowsWindow.hpp">
      <Filter>Platform\Windows</Filter>
    </ClInclude>
    <ClInclude Include="src\lwpch.hpp" />
  </ItemGroup>
  <ItemGroup>
    <ClCompile Include="src\LittleWooden\Application.cpp">
      <Filter>LittleWooden</Filter>
    </ClCompile>
    <ClCompile Include="src\LittleWooden\Log.cpp">
      <Filter>LittleWooden</Filter>
    </ClCompile>
    <ClCompile Include="src\Platform\Windows\WindowsWindow.cpp">
      <Filter>Platform\Windows</Filter>
    </ClCompile>
    <ClCompile Include="src\lwpch.cpp" />
  </ItemGroup>
</Project>